
Microsoft Visual Studio Solution File, Format Version 12.00
# Visual Studio Version 16
VisualStudioVersion = 16.0.29609.76
MinimumVisualStudioVersion = 10.0.40219.1
Project("{FAE04EC0-301F-11D3-BF4B-00C04F79EFBC}") = "SteamAccountSwitcher", "SteamAccountSwitcher\SteamAccountSwitcher.csproj", "{2274CC71-94A3-409E-BDB2-BEFDD44EBA38}"
EndProject
Project("{9A19103F-16F7-4668-BE54-9A1E7A4F7556}") = "SimpleSettingsManager", "..\..\SSM\SimpleSettingsManager\SimpleSettingsManager\SimpleSettingsManager.csproj", "{7899C837-7C13-41F6-A844-0C49F2EAC0C6}"
EndProject
Global
	GlobalSection(SolutionConfigurationPlatforms) = preSolution
		Debug|Any CPU = Debug|Any CPU
		Release|Any CPU = Release|Any CPU
	EndGlobalSection
	GlobalSection(ProjectConfigurationPlatforms) = postSolution
		{2274CC71-94A3-409E-BDB2-BEFDD44EBA38}.Debug|Any CPU.ActiveCfg = Debug|Any CPU
		{2274CC71-94A3-409E-BDB2-BEFDD44EBA38}.Debug|Any CPU.Build.0 = Debug|Any CPU
		{2274CC71-94A3-409E-BDB2-BEFDD44EBA38}.Release|Any CPU.ActiveCfg = Release|Any CPU
		{2274CC71-94A3-409E-BDB2-BEFDD44EBA38}.Release|Any CPU.Build.0 = Release|Any CPU
		{7899C837-7C13-41F6-A844-0C49F2EAC0C6}.Debug|Any CPU.ActiveCfg = Debug|Any CPU
		{7899C837-7C13-41F6-A844-0C49F2EAC0C6}.Debug|Any CPU.Build.0 = Debug|Any CPU
		{7899C837-7C13-41F6-A844-0C49F2EAC0C6}.Release|Any CPU.ActiveCfg = Release|Any CPU
		{7899C837-7C13-41F6-A844-0C49F2EAC0C6}.Release|Any CPU.Build.0 = Release|Any CPU
	EndGlobalSection
	GlobalSection(SolutionProperties) = preSolution
		HideSolutionNode = FALSE
	EndGlobalSection
	GlobalSection(ExtensibilityGlobals) = postSolution
		SolutionGuid = {5F4BA573-294C-4303-BBAD-524A0AC9E65F}
	EndGlobalSection
EndGlobal
